
Microsoft Visual Studio Solution File, Format Version 12.00
# Visual Studio 2012
Project("{FAE04EC0-301F-11D3-BF4B-00C04F79EFBC}") = "ProcessQueue", "ProcessQueue\ProcessQueue.csproj", "{6E1052BC-5113-4610-9345-B7328BA2DDC6}"
EndProject
Project("{FAE04EC0-301F-11D3-BF4B-00C04F79EFBC}") = "ProcessServer", "ProcessServer\ProcessServer.csproj", "{2A66160F-942E-4125-B217-DA97FE456531}"
EndProject
Project("{FAE04EC0-301F-11D3-BF4B-00C04F79EFBC}") = "SimpleAWS", "SimpleAWS\SimpleAWS.csproj", "{A8280A7F-30CA-49D6-AEC4-B0F0ED916612}"
EndProject
Global
	GlobalSection(SolutionConfigurationPlatforms) = preSolution
		Debug|Any CPU = Debug|Any CPU
		Debug|Mixed Platforms = Debug|Mixed Platforms
		Debug|x64 = Debug|x64
		Release|Any CPU = Release|Any CPU
		Release|Mixed Platforms = Release|Mixed Platforms
		Release|x64 = Release|x64
	EndGlobalSection
	GlobalSection(ProjectConfigurationPlatforms) = postSolution
		{C6CE1DA9-2F16-4C53-B46B-29AC965C59F8}.Debug|Any CPU.ActiveCfg = Debug|Any CPU
		{C6CE1DA9-2F16-4C53-B46B-29AC965C59F8}.Debug|Any CPU.Build.0 = Debug|Any CPU
		{C6CE1DA9-2F16-4C53-B46B-29AC965C59F8}.Debug|Mixed Platforms.ActiveCfg = Debug|Any CPU
		{C6CE1DA9-2F16-4C53-B46B-29AC965C59F8}.Debug|Mixed Platforms.Build.0 = Debug|Any CPU
		{C6CE1DA9-2F16-4C53-B46B-29AC965C59F8}.Debug|x64.ActiveCfg = Debug|x64
		{C6CE1DA9-2F16-4C53-B46B-29AC965C59F8}.Debug|x64.Build.0 = Debug|x64
		{C6CE1DA9-2F16-4C53-B46B-29AC965C59F8}.Release|Any CPU.ActiveCfg = Release|Any CPU
		{C6CE1DA9-2F16-4C53-B46B-29AC965C59F8}.Release|Any CPU.Build.0 = Release|Any CPU
		{C6CE1DA9-2F16-4C53-B46B-29AC965C59F8}.Release|Mixed Platforms.ActiveCfg = Release|Any CPU
		{C6CE1DA9-2F16-4C53-B46B-29AC965C59F8}.Release|Mixed Platforms.Build.0 = Release|Any CPU
		{C6CE1DA9-2F16-4C53-B46B-29AC965C59F8}.Release|x64.ActiveCfg = Release|x64
		{C6CE1DA9-2F16-4C53-B46B-29AC965C59F8}.Release|x64.Build.0 = Release|x64
		{6E1052BC-5113-4610-9345-B7328BA2DDC6}.Debug|Any CPU.ActiveCfg = Debug|Any CPU
		{6E1052BC-5113-4610-9345-B7328BA2DDC6}.Debug|Any CPU.Build.0 = Debug|Any CPU
		{6E1052BC-5113-4610-9345-B7328BA2DDC6}.Debug|Mixed Platforms.ActiveCfg = Debug|Any CPU
		{6E1052BC-5113-4610-9345-B7328BA2DDC6}.Debug|Mixed Platforms.Build.0 = Debug|Any CPU
		{6E1052BC-5113-4610-9345-B7328BA2DDC6}.Debug|x64.ActiveCfg = Debug|x64
		{6E1052BC-5113-4610-9345-B7328BA2DDC6}.Debug|x64.Build.0 = Debug|x64
		{6E1052BC-5113-4610-9345-B7328BA2DDC6}.Release|Any CPU.ActiveCfg = Release|Any CPU
		{6E1052BC-5113-4610-9345-B7328BA2DDC6}.Release|Any CPU.Build.0 = Release|Any CPU
		{6E1052BC-5113-4610-9345-B7328BA2DDC6}.Release|Mixed Platforms.ActiveCfg = Release|Any CPU
		{6E1052BC-5113-4610-9345-B7328BA2DDC6}.Release|Mixed Platforms.Build.0 = Release|Any CPU
		{6E1052BC-5113-4610-9345-B7328BA2DDC6}.Release|x64.ActiveCfg = Release|x64
		{6E1052BC-5113-4610-9345-B7328BA2DDC6}.Release|x64.Build.0 = Release|x64
		{2A66160F-942E-4125-B217-DA97FE456531}.Debug|Any CPU.ActiveCfg = Debug|Any CPU
		{2A66160F-942E-4125-B217-DA97FE456531}.Debug|Any CPU.Build.0 = Debug|Any CPU
		{2A66160F-942E-4125-B217-DA97FE456531}.Debug|Mixed Platforms.ActiveCfg = Debug|Any CPU
		{2A66160F-942E-4125-B217-DA97FE456531}.Debug|Mixed Platforms.Build.0 = Debug|Any CPU
		{2A66160F-942E-4125-B217-DA97FE456531}.Debug|x64.ActiveCfg = Debug|x64
		{2A66160F-942E-4125-B217-DA97FE456531}.Debug|x64.Build.0 = Debug|x64
		{2A66160F-942E-4125-B217-DA97FE456531}.Release|Any CPU.ActiveCfg = Release|Any CPU
		{2A66160F-942E-4125-B217-DA97FE456531}.Release|Any CPU.Build.0 = Release|Any CPU
		{2A66160F-942E-4125-B217-DA97FE456531}.Release|Mixed Platforms.ActiveCfg = Release|Any CPU
		{2A66160F-942E-4125-B217-DA97FE456531}.Release|Mixed Platforms.Build.0 = Release|Any CPU
		{2A66160F-942E-4125-B217-DA97FE456531}.Release|x64.ActiveCfg = Release|x64
		{2A66160F-942E-4125-B217-DA97FE456531}.Release|x64.Build.0 = Release|x64
		{FF5F6E80-2FE1-4270-B3F1-FCE03846DCEF}.Debug|Any CPU.ActiveCfg = Debug|Any CPU
		{FF5F6E80-2FE1-4270-B3F1-FCE03846DCEF}.Debug|Any CPU.Build.0 = Debug|Any CPU
		{FF5F6E80-2FE1-4270-B3F1-FCE03846DCEF}.Debug|Mixed Platforms.ActiveCfg = Debug|Any CPU
		{FF5F6E80-2FE1-4270-B3F1-FCE03846DCEF}.Debug|Mixed Platforms.Build.0 = Debug|Any CPU
		{FF5F6E80-2FE1-4270-B3F1-FCE03846DCEF}.Debug|x64.ActiveCfg = Debug|x64
		{FF5F6E80-2FE1-4270-B3F1-FCE03846DCEF}.Debug|x64.Build.0 = Debug|x64
		{FF5F6E80-2FE1-4270-B3F1-FCE03846DCEF}.Release|Any CPU.ActiveCfg = Release|Any CPU
		{FF5F6E80-2FE1-4270-B3F1-FCE03846DCEF}.Release|Any CPU.Build.0 = Release|Any CPU
		{FF5F6E80-2FE1-4270-B3F1-FCE03846DCEF}.Release|Mixed Platforms.ActiveCfg = Release|Any CPU
		{FF5F6E80-2FE1-4270-B3F1-FCE03846DCEF}.Release|Mixed Platforms.Build.0 = Release|Any CPU
		{FF5F6E80-2FE1-4270-B3F1-FCE03846DCEF}.Release|x64.ActiveCfg = Release|x64
		{FF5F6E80-2FE1-4270-B3F1-FCE03846DCEF}.Release|x64.Build.0 = Release|x64
		{7445B7FA-3774-4098-9F01-07EAE73DCE0C}.Debug|Any CPU.ActiveCfg = Debug|Any CPU
		{7445B7FA-3774-4098-9F01-07EAE73DCE0C}.Debug|Any CPU.Build.0 = Debug|Any CPU
		{7445B7FA-3774-4098-9F01-07EAE73DCE0C}.Debug|Mixed Platforms.ActiveCfg = Debug|Any CPU
		{7445B7FA-3774-4098-9F01-07EAE73DCE0C}.Debug|Mixed Platforms.Build.0 = Debug|Any CPU
		{7445B7FA-3774-4098-9F01-07EAE73DCE0C}.Debug|x64.ActiveCfg = Debug|x64
		{7445B7FA-3774-4098-9F01-07EAE73DCE0C}.Debug|x64.Build.0 = Debug|x64
		{7445B7FA-3774-4098-9F01-07EAE73DCE0C}.Release|Any CPU.ActiveCfg = Release|Any CPU
		{7445B7FA-3774-4098-9F01-07EAE73DCE0C}.Release|Any CPU.Build.0 = Release|Any CPU
		{7445B7FA-3774-4098-9F01-07EAE73DCE0C}.Release|Mixed Platforms.ActiveCfg = Release|Any CPU
		{7445B7FA-3774-4098-9F01-07EAE73DCE0C}.Release|Mixed Platforms.Build.0 = Release|Any CPU
		{7445B7FA-3774-4098-9F01-07EAE73DCE0C}.Release|x64.ActiveCfg = Release|x64
		{7445B7FA-3774-4098-9F01-07EAE73DCE0C}.Release|x64.Build.0 = Release|x64
		{A8280A7F-30CA-49D6-AEC4-B0F0ED916612}.Debug|Any CPU.ActiveCfg = Debug|Any CPU
		{A8280A7F-30CA-49D6-AEC4-B0F0ED916612}.Debug|Any CPU.Build.0 = Debug|Any CPU
		{A8280A7F-30CA-49D6-AEC4-B0F0ED916612}.Debug|Mixed Platforms.ActiveCfg = Debug|Any CPU
		{A8280A7F-30CA-49D6-AEC4-B0F0ED916612}.Debug|Mixed Platforms.Build.0 = Debug|Any CPU
		{A8280A7F-30CA-49D6-AEC4-B0F0ED916612}.Debug|x64.ActiveCfg = Debug|x64
		{A8280A7F-30CA-49D6-AEC4-B0F0ED916612}.Debug|x64.Build.0 = Debug|x64
		{A8280A7F-30CA-49D6-AEC4-B0F0ED916612}.Release|Any CPU.ActiveCfg = Release|Any CPU
		{A8280A7F-30CA-49D6-AEC4-B0F0ED916612}.Release|Any CPU.Build.0 = Release|Any CPU
		{A8280A7F-30CA-49D6-AEC4-B0F0ED916612}.Release|Mixed Platforms.ActiveCfg = Release|Any CPU
		{A8280A7F-30CA-49D6-AEC4-B0F0ED916612}.Release|Mixed Platforms.Build.0 = Release|Any CPU
		{A8280A7F-30CA-49D6-AEC4-B0F0ED916612}.Release|x64.ActiveCfg = Release|x64
		{A8280A7F-30CA-49D6-AEC4-B0F0ED916612}.Release|x64.Build.0 = Release|x64
	EndGlobalSection
	GlobalSection(SolutionProperties) = preSolution
		HideSolutionNode = FALSE
	EndGlobalSection
EndGlobal
